
Microsoft Visual Studio Solution File, Format Version 12.00
# Visual Studio Version 17
VisualStudioVersion = 17.6.33723.286
MinimumVisualStudioVersion = 10.0.40219.1
Project("{FAE04EC0-301F-11D3-BF4B-00C04F79EFBC}") = "Hubtel.Wallets", "Hubtel.Wallets.csproj", "{EC84FA6F-DBB6-4533-9CCA-1024AC65C463}"
EndProject
Global
	GlobalSection(SolutionConfigurationPlatforms) = preSolution
		Debug|Any CPU = Debug|Any CPU
		Release|Any CPU = Release|Any CPU
	EndGlobalSection
	GlobalSection(ProjectConfigurationPlatforms) = postSolution
		{EC84FA6F-DBB6-4533-9CCA-1024AC65C463}.Debug|Any CPU.ActiveCfg = Debug|Any CPU
		{EC84FA6F-DBB6-4533-9CCA-1024AC65C463}.Debug|Any CPU.Build.0 = Debug|Any CPU
		{EC84FA6F-DBB6-4533-9CCA-1024AC65C463}.Release|Any CPU.ActiveCfg = Release|Any CPU
		{EC84FA6F-DBB6-4533-9CCA-1024AC65C463}.Release|Any CPU.Build.0 = Release|Any CPU
	EndGlobalSection
	GlobalSection(SolutionProperties) = preSolution
		HideSolutionNode = FALSE
	EndGlobalSection
	GlobalSection(ExtensibilityGlobals) = postSolution
		SolutionGuid = {2C691548-45CA-4951-B3FF-983EB6D4A21F}
	EndGlobalSection
EndGlobal
